// !$*UTF8*$!
{
	archiveVersion = 1;
	classes = {
	};
	objectVersion = 55;
	objects = {

/* Begin PBXBuildFile section */
		9042486426FCC144008ABC4D /* AppDelegate.swift in Sources */ = {isa = PBXBuildFile; fileRef = 9042486326FCC144008ABC4D /* AppDelegate.swift */; };
		9042486626FCC144008ABC4D /* art.scnassets in Resources */ = {isa = PBXBuildFile; fileRef = 9042486526FCC144008ABC4D /* art.scnassets */; };
		9042486826FCC144008ABC4D /* ViewController.swift in Sources */ = {isa = PBXBuildFile; fileRef = 9042486726FCC144008ABC4D /* ViewController.swift */; };
		9042486D26FCC145008ABC4D /* Assets.xcassets in Resources */ = {isa = PBXBuildFile; fileRef = 9042486C26FCC145008ABC4D /* Assets.xcassets */; };
		9042487026FCC145008ABC4D /* LaunchScreen.storyboard in Resources */ = {isa = PBXBuildFile; fileRef = 9042486E26FCC145008ABC4D /* LaunchScreen.storyboard */; };
		9042487926FCC22D008ABC4D /* ViewController+ARSessionDelegate.swift in Sources */ = {isa = PBXBuildFile; fileRef = 9042487826FCC22D008ABC4D /* ViewController+ARSessionDelegate.swift */; };
		9042487E26FCC2CE008ABC4D /* StatusViewController.swift in Sources */ = {isa = PBXBuildFile; fileRef = 9042487D26FCC2CE008ABC4D /* StatusViewController.swift */; };
		90AF4A53270801B800038165 /* AeroplaneNode.swift in Sources */ = {isa = PBXBuildFile; fileRef = 90AF4A52270801B800038165 /* AeroplaneNode.swift */; };
		90AF4A552708106F00038165 /* HUDViewController.swift in Sources */ = {isa = PBXBuildFile; fileRef = 90AF4A542708106F00038165 /* HUDViewController.swift */; };
		90AF4A59270D59D600038165 /* SCNVector3Extensions.swift in Sources */ = {isa = PBXBuildFile; fileRef = 90AF4A58270D59D500038165 /* SCNVector3Extensions.swift */; };
		90B4F60626FD36AC007A8208 /* Aeroplane.swift in Sources */ = {isa = PBXBuildFile; fileRef = 90B4F60526FD36AC007A8208 /* Aeroplane.swift */; };
		90B4F60826FD38F2007A8208 /* FlightRadar.swift in Sources */ = {isa = PBXBuildFile; fileRef = 90B4F60726FD38F2007A8208 /* FlightRadar.swift */; };
		90B4F60F26FF666B007A8208 /* Main.storyboard in Resources */ = {isa = PBXBuildFile; fileRef = 90B4F60E26FF666B007A8208 /* Main.storyboard */; };
/* End PBXBuildFile section */

/* Begin PBXFileReference section */
		9042486026FCC144008ABC4D /* AR Flight Radar.app */ = {isa = PBXFileReference; explicitFileType = wrapper.application; includeInIndex = 0; path = "AR Flight Radar.app"; sourceTree = BUILT_PRODUCTS_DIR; };
		9042486326FCC144008ABC4D /* AppDelegate.swift */ = {isa = PBXFileReference; lastKnownFileType = sourcecode.swift; path = AppDelegate.swift; sourceTree = "<group>"; };
		9042486526FCC144008ABC4D /* art.scnassets */ = {isa = PBXFileReference; lastKnownFileType = wrapper.scnassets; path = art.scnassets; sourceTree = "<group>"; };
		9042486726FCC144008ABC4D /* ViewController.swift */ = {isa = PBXFileReference; lastKnownFileType = sourcecode.swift; path = ViewController.swift; sourceTree = "<group>"; };
		9042486C26FCC145008ABC4D /* Assets.xcassets */ = {isa = PBXFileReference; lastKnownFileType = folder.assetcatalog; path = Assets.xcassets; sourceTree = "<group>"; };
		9042486F26FCC145008ABC4D /* Base */ = {isa = PBXFileReference; lastKnownFileType = file.storyboard; name = Base; path = Base.lproj/LaunchScreen.storyboard; sourceTree = "<group>"; };
		9042487826FCC22D008ABC4D /* ViewController+ARSessionDelegate.swift */ = {isa = PBXFileReference; fileEncoding = 4; lastKnownFileType = sourcecode.swift; path = "ViewController+ARSessionDelegate.swift"; sourceTree = "<group>"; };
		9042487D26FCC2CE008ABC4D /* StatusViewController.swift */ = {isa = PBXFileReference; lastKnownFileType = sourcecode.swift; path = StatusViewController.swift; sourceTree = "<group>"; };
		90AF4A52270801B800038165 /* AeroplaneNode.swift */ = {isa = PBXFileReference; lastKnownFileType = sourcecode.swift; path = AeroplaneNode.swift; sourceTree = "<group>"; };
		90AF4A542708106F00038165 /* HUDViewController.swift */ = {isa = PBXFileReference; lastKnownFileType = sourcecode.swift; path = HUDViewController.swift; sourceTree = "<group>"; };
		90AF4A58270D59D500038165 /* SCNVector3Extensions.swift */ = {isa = PBXFileReference; lastKnownFileType = sourcecode.swift; path = SCNVector3Extensions.swift; sourceTree = "<group>"; };
		90B4F60526FD36AC007A8208 /* Aeroplane.swift */ = {isa = PBXFileReference; lastKnownFileType = sourcecode.swift; path = Aeroplane.swift; sourceTree = "<group>"; };
		90B4F60726FD38F2007A8208 /* FlightRadar.swift */ = {isa = PBXFileReference; lastKnownFileType = sourcecode.swift; path = FlightRadar.swift; sourceTree = "<group>"; };
		90B4F60E26FF666B007A8208 /* Main.storyboard */ = {isa = PBXFileReference; fileEncoding = 4; lastKnownFileType = file.storyboard; path = Main.storyboard; sourceTree = "<group>"; };
/* End PBXFileReference section */

/* Begin PBXFrameworksBuildPhase section */
		9042485D26FCC144008ABC4D /* Frameworks */ = {
			isa = PBXFrameworksBuildPhase;
			buildActionMask = 2147483647;
			files = (
			);
			runOnlyForDeploymentPostprocessing = 0;
		};
/* End PBXFrameworksBuildPhase section */

/* Begin PBXGroup section */
		9042485726FCC144008ABC4D = {
			isa = PBXGroup;
			children = (
				9042486226FCC144008ABC4D /* AR Flight Radar */,
				9042486126FCC144008ABC4D /* Products */,
			);
			sourceTree = "<group>";
		};
		9042486126FCC144008ABC4D /* Products */ = {
			isa = PBXGroup;
			children = (
				9042486026FCC144008ABC4D /* AR Flight Radar.app */,
			);
			name = Products;
			sourceTree = "<group>";
		};
		9042486226FCC144008ABC4D /* AR Flight Radar */ = {
			isa = PBXGroup;
			children = (
				90AF4A512708019D00038165 /* Views */,
				90B4F60426FD3581007A8208 /* Model */,
				90B4F60326FD3574007A8208 /* Network */,
				90AF4A52270801B800038165 /* AeroplaneNode.swift */,
				9042486326FCC144008ABC4D /* AppDelegate.swift */,
				9042486726FCC144008ABC4D /* ViewController.swift */,
				9042487826FCC22D008ABC4D /* ViewController+ARSessionDelegate.swift */,
				9042487D26FCC2CE008ABC4D /* StatusViewController.swift */,
				90AF4A542708106F00038165 /* HUDViewController.swift */,
				90AF4A58270D59D500038165 /* SCNVector3Extensions.swift */,
				9042486526FCC144008ABC4D /* art.scnassets */,
				90AF4A502707F19600038165 /* Resources */,
			);
			path = "AR Flight Radar";
			sourceTree = "<group>";
		};
		90AF4A502707F19600038165 /* Resources */ = {
			isa = PBXGroup;
			children = (
				9042486C26FCC145008ABC4D /* Assets.xcassets */,
				9042486E26FCC145008ABC4D /* LaunchScreen.storyboard */,
				90B4F60E26FF666B007A8208 /* Main.storyboard */,
			);
			path = Resources;
			sourceTree = "<group>";
		};
		90AF4A512708019D00038165 /* Views */ = {
			isa = PBXGroup;
			children = (
			);
			path = Views;
			sourceTree = "<group>";
		};
		90B4F60326FD3574007A8208 /* Network */ = {
			isa = PBXGroup;
			children = (
				90B4F60726FD38F2007A8208 /* FlightRadar.swift */,
			);
			path = Network;
			sourceTree = "<group>";
		};
		90B4F60426FD3581007A8208 /* Model */ = {
			isa = PBXGroup;
			children = (
				90B4F60526FD36AC007A8208 /* Aeroplane.swift */,
			);
			path = Model;
			sourceTree = "<group>";
		};
/* End PBXGroup section */

/* Begin PBXNativeTarget section */
		9042485F26FCC144008ABC4D /* AR Flight Radar */ = {
			isa = PBXNativeTarget;
			buildConfigurationList = 9042487326FCC145008ABC4D /* Build configuration list for PBXNativeTarget "AR Flight Radar" */;
			buildPhases = (
				9042485C26FCC144008ABC4D /* Sources */,
				9042485D26FCC144008ABC4D /* Frameworks */,
				9042485E26FCC144008ABC4D /* Resources */,
			);
			buildRules = (
			);
			dependencies = (
			);
			name = "AR Flight Radar";
			productName = "AR Flight Radar";
			productReference = 9042486026FCC144008ABC4D /* AR Flight Radar.app */;
			productType = "com.apple.product-type.application";
		};
/* End PBXNativeTarget section */

/* Begin PBXProject section */
		9042485826FCC144008ABC4D /* Project object */ = {
			isa = PBXProject;
			attributes = {
				BuildIndependentTargetsInParallel = 1;
				LastSwiftUpdateCheck = 1300;
				LastUpgradeCheck = 1300;
				TargetAttributes = {
					9042485F26FCC144008ABC4D = {
						CreatedOnToolsVersion = 13.0;
					};
				};
			};
			buildConfigurationList = 9042485B26FCC144008ABC4D /* Build configuration list for PBXProject "AR Flight Radar" */;
			compatibilityVersion = "Xcode 13.0";
			developmentRegion = en;
			hasScannedForEncodings = 0;
			knownRegions = (
				en,
				Base,
			);
			mainGroup = 9042485726FCC144008ABC4D;
			productRefGroup = 9042486126FCC144008ABC4D /* Products */;
			projectDirPath = "";
			projectRoot = "";
			targets = (
				9042485F26FCC144008ABC4D /* AR Flight Radar */,
			);
		};
/* End PBXProject section */

/* Begin PBXResourcesBuildPhase section */
		9042485E26FCC144008ABC4D /* Resources */ = {
			isa = PBXResourcesBuildPhase;
			buildActionMask = 2147483647;
			files = (
				9042486626FCC144008ABC4D /* art.scnassets in Resources */,
				90B4F60F26FF666B007A8208 /* Main.storyboard in Resources */,
				9042487026FCC145008ABC4D /* LaunchScreen.storyboard in Resources */,
				9042486D26FCC145008ABC4D /* Assets.xcassets in Resources */,
			);
			runOnlyForDeploymentPostprocessing = 0;
		};
/* End PBXResourcesBuildPhase section */

/* Begin PBXSourcesBuildPhase section */
		9042485C26FCC144008ABC4D /* Sources */ = {
			isa = PBXSourcesBuildPhase;
			buildActionMask = 2147483647;
			files = (
				90AF4A59270D59D600038165 /* SCNVector3Extensions.swift in Sources */,
				9042487E26FCC2CE008ABC4D /* StatusViewController.swift in Sources */,
				9042487926FCC22D008ABC4D /* ViewController+ARSessionDelegate.swift in Sources */,
				90AF4A552708106F00038165 /* HUDViewController.swift in Sources */,
				90AF4A53270801B800038165 /* AeroplaneNode.swift in Sources */,
				90B4F60826FD38F2007A8208 /* FlightRadar.swift in Sources */,
				90B4F60626FD36AC007A8208 /* Aeroplane.swift in Sources */,
				9042486826FCC144008ABC4D /* ViewController.swift in Sources */,
				9042486426FCC144008ABC4D /* AppDelegate.swift in Sources */,
			);
			runOnlyForDeploymentPostprocessing = 0;
		};
/* End PBXSourcesBuildPhase section */

/* Begin PBXVariantGroup section */
		9042486E26FCC145008ABC4D /* LaunchScreen.storyboard */ = {
			isa = PBXVariantGroup;
			children = (
				9042486F26FCC145008ABC4D /* Base */,
			);
			name = LaunchScreen.storyboard;
			sourceTree = "<group>";
		};
/* End PBXVariantGroup section */

/* Begin XCBuildConfiguration section */
		9042487126FCC145008ABC4D /* Debug */ = {
			isa = XCBuildConfiguration;
			buildSettings = {
				ALWAYS_SEARCH_USER_PATHS = NO;
				CLANG_ANALYZER_NONNULL = YES;
				CLANG_ANALYZER_NUMBER_OBJECT_CONVERSION = YES_AGGRESSIVE;
				CLANG_CXX_LANGUAGE_STANDARD = "gnu++17";
				CLANG_CXX_LIBRARY = "libc++";
				CLANG_ENABLE_MODULES = YES;
				CLANG_ENABLE_OBJC_ARC = YES;
				CLANG_ENABLE_OBJC_WEAK = YES;
				CLANG_WARN_BLOCK_CAPTURE_AUTORELEASING = YES;
				CLANG_WARN_BOOL_CONVERSION = YES;
				CLANG_WARN_COMMA = YES;
				CLANG_WARN_CONSTANT_CONVERSION = YES;
				CLANG_WARN_DEPRECATED_OBJC_IMPLEMENTATIONS = YES;
				CLANG_WARN_DIRECT_OBJC_ISA_USAGE = YES_ERROR;
				CLANG_WARN_DOCUMENTATION_COMMENTS = YES;
				CLANG_WARN_EMPTY_BODY = YES;
				CLANG_WARN_ENUM_CONVERSION = YES;
				CLANG_WARN_INFINITE_RECURSION = YES;
				CLANG_WARN_INT_CONVERSION = YES;
				CLANG_WARN_NON_LITERAL_NULL_CONVERSION = YES;
				CLANG_WARN_OBJC_IMPLICIT_RETAIN_SELF = YES;
				CLANG_WARN_OBJC_LITERAL_CONVERSION = YES;
				CLANG_WARN_OBJC_ROOT_CLASS = YES_ERROR;
				CLANG_WARN_QUOTED_INCLUDE_IN_FRAMEWORK_HEADER = YES;
				CLANG_WARN_RANGE_LOOP_ANALYSIS = YES;
				CLANG_WARN_STRICT_PROTOTYPES = YES;
				CLANG_WARN_SUSPICIOUS_MOVE = YES;
				CLANG_WARN_UNGUARDED_AVAILABILITY = YES_AGGRESSIVE;
				CLANG_WARN_UNREACHABLE_CODE = YES;
				CLANG_WARN__DUPLICATE_METHOD_MATCH = YES;
				COPY_PHASE_STRIP = NO;
				DEBUG_INFORMATION_FORMAT = dwarf;
				ENABLE_STRICT_OBJC_MSGSEND = YES;
				ENABLE_TESTABILITY = YES;
				GCC_C_LANGUAGE_STANDARD = gnu11;
				GCC_DYNAMIC_NO_PIC = NO;
				GCC_NO_COMMON_BLOCKS = YES;
				GCC_OPTIMIZATION_LEVEL = 0;
				GCC_PREPROCESSOR_DEFINITIONS = (
					"DEBUG=1",
					"$(inherited)",
				);
				GCC_WARN_64_TO_32_BIT_CONVERSION = YES;
				GCC_WARN_ABOUT_RETURN_TYPE = YES_ERROR;
				GCC_WARN_UNDECLARED_SELECTOR = YES;
				GCC_WARN_UNINITIALIZED_AUTOS = YES_AGGRESSIVE;
				GCC_WARN_UNUSED_FUNCTION = YES;
				GCC_WARN_UNUSED_VARIABLE = YES;
				IPHONEOS_DEPLOYMENT_TARGET = 15.0;
				MTL_ENABLE_DEBUG_INFO = INCLUDE_SOURCE;
				MTL_FAST_MATH = YES;
				ONLY_ACTIVE_ARCH = YES;
				SDKROOT = iphoneos;
				SWIFT_ACTIVE_COMPILATION_CONDITIONS = DEBUG;
				SWIFT_OPTIMIZATION_LEVEL = "-Onone";
			};
			name = Debug;
		};
		9042487226FCC145008ABC4D /* Release */ = {
			isa = XCBuildConfiguration;
			buildSettings = {
				ALWAYS_SEARCH_USER_PATHS = NO;
				CLANG_ANALYZER_NONNULL = YES;
				CLANG_ANALYZER_NUMBER_OBJECT_CONVERSION = YES_AGGRESSIVE;
				CLANG_CXX_LANGUAGE_STANDARD = "gnu++17";
				CLANG_CXX_LIBRARY = "libc++";
				CLANG_ENABLE_MODULES = YES;
				CLANG_ENABLE_OBJC_ARC = YES;
				CLANG_ENABLE_OBJC_WEAK = YES;
				CLANG_WARN_BLOCK_CAPTURE_AUTORELEASING = YES;
				CLANG_WARN_BOOL_CONVERSION = YES;
				CLANG_WARN_COMMA = YES;
				CLANG_WARN_CONSTANT_CONVERSION = YES;
				CLANG_WARN_DEPRECATED_OBJC_IMPLEMENTATIONS = YES;
				CLANG_WARN_DIRECT_OBJC_ISA_USAGE = YES_ERROR;
				CLANG_WARN_DOCUMENTATION_COMMENTS = YES;
				CLANG_WARN_EMPTY_BODY = YES;
				CLANG_WARN_ENUM_CONVERSION = YES;
				CLANG_WARN_INFINITE_RECURSION = YES;
				CLANG_WARN_INT_CONVERSION = YES;
				CLANG_WARN_NON_LITERAL_NULL_CONVERSION = YES;
				CLANG_WARN_OBJC_IMPLICIT_RETAIN_SELF = YES;
				CLANG_WARN_OBJC_LITERAL_CONVERSION = YES;
				CLANG_WARN_OBJC_ROOT_CLASS = YES_ERROR;
				CLANG_WARN_QUOTED_INCLUDE_IN_FRAMEWORK_HEADER = YES;
				CLANG_WARN_RANGE_LOOP_ANALYSIS = YES;
				CLANG_WARN_STRICT_PROTOTYPES = YES;
				CLANG_WARN_SUSPICIOUS_MOVE = YES;
				CLANG_WARN_UNGUARDED_AVAILABILITY = YES_AGGRESSIVE;
				CLANG_WARN_UNREACHABLE_CODE = YES;
				CLANG_WARN__DUPLICATE_METHOD_MATCH = YES;
				COPY_PHASE_STRIP = NO;
				DEBUG_INFORMATION_FORMAT = "dwarf-with-dsym";
				ENABLE_NS_ASSERTIONS = NO;
				ENABLE_STRICT_OBJC_MSGSEND = YES;
				GCC_C_LANGUAGE_STANDARD = gnu11;
				GCC_NO_COMMON_BLOCKS = YES;
				GCC_WARN_64_TO_32_BIT_CONVERSION = YES;
				GCC_WARN_ABOUT_RETURN_TYPE = YES_ERROR;
				GCC_WARN_UNDECLARED_SELECTOR = YES;
				GCC_WARN_UNINITIALIZED_AUTOS = YES_AGGRESSIVE;
				GCC_WARN_UNUSED_FUNCTION = YES;
				GCC_WARN_UNUSED_VARIABLE = YES;
				IPHONEOS_DEPLOYMENT_TARGET = 15.0;
				MTL_ENABLE_DEBUG_INFO = NO;
				MTL_FAST_MATH = YES;
				SDKROOT = iphoneos;
				SWIFT_COMPILATION_MODE = wholemodule;
				SWIFT_OPTIMIZATION_LEVEL = "-O";
				VALIDATE_PRODUCT = YES;
			};
			name = Release;
		};
		9042487426FCC145008ABC4D /* Debug */ = {
			isa = XCBuildConfiguration;
			buildSettings = {
				ASSETCATALOG_COMPILER_APPICON_NAME = AppIcon;
				ASSETCATALOG_COMPILER_GLOBAL_ACCENT_COLOR_NAME = AccentColor;
				CODE_SIGN_STYLE = Automatic;
				CURRENT_PROJECT_VERSION = 1;
				DEVELOPMENT_TEAM = 7VLX4VPK4N;
				GCC_OPTIMIZATION_LEVEL = 0;
				GENERATE_INFOPLIST_FILE = YES;
				INFOPLIST_KEY_NSCameraUsageDescription = "";
				INFOPLIST_KEY_UIApplicationSupportsIndirectInputEvents = YES;
				INFOPLIST_KEY_UILaunchStoryboardName = LaunchScreen;
				INFOPLIST_KEY_UIMainStoryboardFile = Main;
				INFOPLIST_KEY_UIRequiredDeviceCapabilities = arkit;
				INFOPLIST_KEY_UIStatusBarHidden = YES;
				INFOPLIST_KEY_UISupportedInterfaceOrientations = "UIInterfaceOrientationLandscapeLeft UIInterfaceOrientationLandscapeRight";
				INFOPLIST_KEY_UISupportedInterfaceOrientations_iPad = "UIInterfaceOrientationPortrait UIInterfaceOrientationPortraitUpsideDown UIInterfaceOrientationLandscapeLeft UIInterfaceOrientationLandscapeRight";
				INFOPLIST_KEY_UISupportedInterfaceOrientations_iPhone = "UIInterfaceOrientationPortrait UIInterfaceOrientationLandscapeLeft UIInterfaceOrientationLandscapeRight";
				LD_RUNPATH_SEARCH_PATHS = (
					"$(inherited)",
					"@executable_path/Frameworks",
				);
				MARKETING_VERSION = 1.0;
				PRODUCT_BUNDLE_IDENTIFIER = "net.whatsbeef.AR-Flight-Radar";
				PRODUCT_NAME = "$(TARGET_NAME)";
				SWIFT_EMIT_LOC_STRINGS = YES;
				SWIFT_OPTIMIZATION_LEVEL = "-Onone";
				SWIFT_VERSION = 5.0;
				TARGETED_DEVICE_FAMILY = "1,2";
			};
			name = Debug;
		};
		9042487526FCC145008ABC4D /* Release */ = {
			isa = XCBuildConfiguration;
			buildSettings = {
				ASSETCATALOG_COMPILER_APPICON_NAME = AppIcon;
				ASSETCATALOG_COMPILER_GLOBAL_ACCENT_COLOR_NAME = AccentColor;
				CODE_SIGN_STYLE = Automatic;
				CURRENT_PROJECT_VERSION = 1;
				DEVELOPMENT_TEAM = 7VLX4VPK4N;
				GENERATE_INFOPLIST_FILE = YES;
				INFOPLIST_KEY_NSCameraUsageDescription = "";
				INFOPLIST_KEY_UIApplicationSupportsIndirectInputEvents = YES;
				INFOPLIST_KEY_UILaunchStoryboardName = LaunchScreen;
				INFOPLIST_KEY_UIMainStoryboardFile = Main;
				INFOPLIST_KEY_UIRequiredDeviceCapabilities = arkit;
				INFOPLIST_KEY_UIStatusBarHidden = YES;
				INFOPLIST_KEY_UISupportedInterfaceOrientations = "UIInterfaceOrientationLandscapeLeft UIInterfaceOrientationLandscapeRight";
				INFOPLIST_KEY_UISupportedInterfaceOrientations_iPad = "UIInterfaceOrientationPortrait UIInterfaceOrientationPortraitUpsideDown UIInterfaceOrientationLandscapeLeft UIInterfaceOrientationLandscapeRight";
				INFOPLIST_KEY_UISupportedInterfaceOrientations_iPhone = "UIInterfaceOrientationPortrait UIInterfaceOrientationLandscapeLeft UIInterfaceOrientationLandscapeRight";
				LD_RUNPATH_SEARCH_PATHS = (
					"$(inherited)",
					"@executable_path/Frameworks",
				);
				MARKETING_VERSION = 1.0;
				PRODUCT_BUNDLE_IDENTIFIER = "net.whatsbeef.AR-Flight-Radar";
				PRODUCT_NAME = "$(TARGET_NAME)";
				SWIFT_EMIT_LOC_STRINGS = YES;
				SWIFT_VERSION = 5.0;
				TARGETED_DEVICE_FAMILY = "1,2";
			};
			name = Release;
		};
/* End XCBuildConfiguration section */

/* Begin XCConfigurationList section */
		9042485B26FCC144008ABC4D /* Build configuration list for PBXProject "AR Flight Radar" */ = {
			isa = XCConfigurationList;
			buildConfigurations = (
				9042487126FCC145008ABC4D /* Debug */,
				9042487226FCC145008ABC4D /* Release */,
			);
			defaultConfigurationIsVisible = 0;
			defaultConfigurationName = Release;
		};
		9042487326FCC145008ABC4D /* Build configuration list for PBXNativeTarget "AR Flight Radar" */ = {
			isa = XCConfigurationList;
			buildConfigurations = (
				9042487426FCC145008ABC4D /* Debug */,
				9042487526FCC145008ABC4D /* Release */,
			);
			defaultConfigurationIsVisible = 0;
			defaultConfigurationName = Release;
		};
/* End XCConfigurationList section */
	};
	rootObject = 9042485826FCC144008ABC4D /* Project object */;
}
